
Microsoft Visual Studio Solution File, Format Version 12.00
# Visual Studio 2012
Project("{FAE04EC0-301F-11D3-BF4B-00C04F79EFBC}") = "CocoVendorApp", "CocoVendorApp.csproj", "{B760922E-8A62-4B6D-ABFE-EB4C73647C44}"
EndProject
Project("{FAE04EC0-301F-11D3-BF4B-00C04F79EFBC}") = "CocoVendorApp.iOS", "iOS\CocoVendorApp.iOS.csproj", "{2B68B9E6-9DE3-4C2E-9C00-E33A6FD6782B}"
EndProject
Project("{FAE04EC0-301F-11D3-BF4B-00C04F79EFBC}") = "CocoVendorApp.Droid", "Droid\CocoVendorApp.Droid.csproj", "{A86A4C2B-F32F-4BC8-A1F3-3BE57438120F}"
EndProject
Global
	GlobalSection(SolutionConfigurationPlatforms) = preSolution
		Debug|Any CPU = Debug|Any CPU
		Release|Any CPU = Release|Any CPU
		Debug|iPhoneSimulator = Debug|iPhoneSimulator
		Release|iPhone = Release|iPhone
		Release|iPhoneSimulator = Release|iPhoneSimulator
		Debug|iPhone = Debug|iPhone
	EndGlobalSection
	GlobalSection(ProjectConfigurationPlatforms) = postSolution
		{B760922E-8A62-4B6D-ABFE-EB4C73647C44}.Debug|Any CPU.ActiveCfg = Debug|Any CPU
		{B760922E-8A62-4B6D-ABFE-EB4C73647C44}.Debug|Any CPU.Build.0 = Debug|Any CPU
		{B760922E-8A62-4B6D-ABFE-EB4C73647C44}.Release|Any CPU.ActiveCfg = Release|Any CPU
		{B760922E-8A62-4B6D-ABFE-EB4C73647C44}.Release|Any CPU.Build.0 = Release|Any CPU
		{B760922E-8A62-4B6D-ABFE-EB4C73647C44}.Debug|iPhoneSimulator.ActiveCfg = Debug|Any CPU
		{B760922E-8A62-4B6D-ABFE-EB4C73647C44}.Debug|iPhoneSimulator.Build.0 = Debug|Any CPU
		{B760922E-8A62-4B6D-ABFE-EB4C73647C44}.Release|iPhone.ActiveCfg = Release|Any CPU
		{B760922E-8A62-4B6D-ABFE-EB4C73647C44}.Release|iPhone.Build.0 = Release|Any CPU
		{B760922E-8A62-4B6D-ABFE-EB4C73647C44}.Release|iPhoneSimulator.ActiveCfg = Release|Any CPU
		{B760922E-8A62-4B6D-ABFE-EB4C73647C44}.Release|iPhoneSimulator.Build.0 = Release|Any CPU
		{B760922E-8A62-4B6D-ABFE-EB4C73647C44}.Debug|iPhone.ActiveCfg = Debug|Any CPU
		{B760922E-8A62-4B6D-ABFE-EB4C73647C44}.Debug|iPhone.Build.0 = Debug|Any CPU
		{2B68B9E6-9DE3-4C2E-9C00-E33A6FD6782B}.Debug|Any CPU.ActiveCfg = Debug|iPhoneSimulator
		{2B68B9E6-9DE3-4C2E-9C00-E33A6FD6782B}.Debug|Any CPU.Build.0 = Debug|iPhoneSimulator
		{2B68B9E6-9DE3-4C2E-9C00-E33A6FD6782B}.Release|Any CPU.ActiveCfg = Release|iPhone
		{2B68B9E6-9DE3-4C2E-9C00-E33A6FD6782B}.Release|Any CPU.Build.0 = Release|iPhone
		{2B68B9E6-9DE3-4C2E-9C00-E33A6FD6782B}.Debug|iPhoneSimulator.ActiveCfg = Debug|iPhoneSimulator
		{2B68B9E6-9DE3-4C2E-9C00-E33A6FD6782B}.Debug|iPhoneSimulator.Build.0 = Debug|iPhoneSimulator
		{2B68B9E6-9DE3-4C2E-9C00-E33A6FD6782B}.Release|iPhone.ActiveCfg = Release|iPhone
		{2B68B9E6-9DE3-4C2E-9C00-E33A6FD6782B}.Release|iPhone.Build.0 = Release|iPhone
		{2B68B9E6-9DE3-4C2E-9C00-E33A6FD6782B}.Release|iPhoneSimulator.ActiveCfg = Release|iPhoneSimulator
		{2B68B9E6-9DE3-4C2E-9C00-E33A6FD6782B}.Release|iPhoneSimulator.Build.0 = Release|iPhoneSimulator
		{2B68B9E6-9DE3-4C2E-9C00-E33A6FD6782B}.Debug|iPhone.ActiveCfg = Debug|iPhone
		{2B68B9E6-9DE3-4C2E-9C00-E33A6FD6782B}.Debug|iPhone.Build.0 = Debug|iPhone
		{A86A4C2B-F32F-4BC8-A1F3-3BE57438120F}.Debug|Any CPU.ActiveCfg = Debug|Any CPU
		{A86A4C2B-F32F-4BC8-A1F3-3BE57438120F}.Debug|Any CPU.Build.0 = Debug|Any CPU
		{A86A4C2B-F32F-4BC8-A1F3-3BE57438120F}.Release|Any CPU.ActiveCfg = Release|Any CPU
		{A86A4C2B-F32F-4BC8-A1F3-3BE57438120F}.Release|Any CPU.Build.0 = Release|Any CPU
		{A86A4C2B-F32F-4BC8-A1F3-3BE57438120F}.Debug|iPhoneSimulator.ActiveCfg = Debug|Any CPU
		{A86A4C2B-F32F-4BC8-A1F3-3BE57438120F}.Debug|iPhoneSimulator.Build.0 = Debug|Any CPU
		{A86A4C2B-F32F-4BC8-A1F3-3BE57438120F}.Release|iPhone.ActiveCfg = Release|Any CPU
		{A86A4C2B-F32F-4BC8-A1F3-3BE57438120F}.Release|iPhone.Build.0 = Release|Any CPU
		{A86A4C2B-F32F-4BC8-A1F3-3BE57438120F}.Release|iPhoneSimulator.ActiveCfg = Release|Any CPU
		{A86A4C2B-F32F-4BC8-A1F3-3BE57438120F}.Release|iPhoneSimulator.Build.0 = Release|Any CPU
		{A86A4C2B-F32F-4BC8-A1F3-3BE57438120F}.Debug|iPhone.ActiveCfg = Debug|Any CPU
		{A86A4C2B-F32F-4BC8-A1F3-3BE57438120F}.Debug|iPhone.Build.0 = Debug|Any CPU
	EndGlobalSection
	GlobalSection(MonoDevelopProperties) = preSolution
		Policies = $0
		$0.VersionControlPolicy = $1
		$1.inheritsSet = Mono
	EndGlobalSection
EndGlobal
